
Microsoft Visual Studio Solution File, Format Version 12.00
# Visual Studio Version 17
VisualStudioVersion = 17.5.002.0
MinimumVisualStudioVersion = 10.0.40219.1
Project("{9A19103F-16F7-4668-BE54-9A1E7A4F7556}") = "Scenario 13", "Scenario 13.csproj", "{FBB40B47-94BD-47B9-8DBA-9CD96573F059}"
EndProject
Global
	GlobalSection(SolutionConfigurationPlatforms) = preSolution
		Debug|Any CPU = Debug|Any CPU
		Release|Any CPU = Release|Any CPU
	EndGlobalSection
	GlobalSection(ProjectConfigurationPlatforms) = postSolution
		{FBB40B47-94BD-47B9-8DBA-9CD96573F059}.Debug|Any CPU.ActiveCfg = Debug|Any CPU
		{FBB40B47-94BD-47B9-8DBA-9CD96573F059}.Debug|Any CPU.Build.0 = Debug|Any CPU
		{FBB40B47-94BD-47B9-8DBA-9CD96573F059}.Release|Any CPU.ActiveCfg = Release|Any CPU
		{FBB40B47-94BD-47B9-8DBA-9CD96573F059}.Release|Any CPU.Build.0 = Release|Any CPU
	EndGlobalSection
	GlobalSection(SolutionProperties) = preSolution
		HideSolutionNode = FALSE
	EndGlobalSection
	GlobalSection(ExtensibilityGlobals) = postSolution
		SolutionGuid = {B561FB9E-5B7B-4E25-84C2-A44AABB67787}
	EndGlobalSection
EndGlobal
